
Microsoft Visual Studio Solution File, Format Version 12.00
# Visual Studio Version 16
VisualStudioVersion = 16.0.30002.166
MinimumVisualStudioVersion = 10.0.40219.1
Project("{FAE04EC0-301F-11D3-BF4B-00C04F79EFBC}") = "LOSOWANIE MEMÓW", "TEST 3\LOSOWANIE MEMÓW.csproj", "{B4735CB6-5D66-443F-89BA-A4994C477F16}"
EndProject
Global
	GlobalSection(SolutionConfigurationPlatforms) = preSolution
		Debug|Any CPU = Debug|Any CPU
		Release|Any CPU = Release|Any CPU
	EndGlobalSection
	GlobalSection(ProjectConfigurationPlatforms) = postSolution
		{B4735CB6-5D66-443F-89BA-A4994C477F16}.Debug|Any CPU.ActiveCfg = Debug|Any CPU
		{B4735CB6-5D66-443F-89BA-A4994C477F16}.Debug|Any CPU.Build.0 = Debug|Any CPU
		{B4735CB6-5D66-443F-89BA-A4994C477F16}.Release|Any CPU.ActiveCfg = Release|Any CPU
		{B4735CB6-5D66-443F-89BA-A4994C477F16}.Release|Any CPU.Build.0 = Release|Any CPU
	EndGlobalSection
	GlobalSection(SolutionProperties) = preSolution
		HideSolutionNode = FALSE
	EndGlobalSection
	GlobalSection(ExtensibilityGlobals) = postSolution
		SolutionGuid = {40FD0EB4-CA40-47E2-BB18-05EC5294687C}
	EndGlobalSection
EndGlobal
